{
  "name": "timesheet-v2",
  "version": "1.0.0",
  "lockfileVersion": 3,
  "requires": true,
  "packages": {
    "": {
      "name": "timesheet-v2",
      "version": "1.0.0",
      "license": "ISC",
      "dependencies": {
        "@types/google-apps-script": "^1.0.66"
      },
      "devDependencies": {
        "typescript": "^5.1.6"
      }
    },
    "node_modules/@types/google-apps-script": {
      "version": "1.0.66",
      "resolved": "https://registry.npmjs.org/@types/google-apps-script/-/google-apps-script-1.0.66.tgz",
      "integrity": "sha512-cLj0yFt2153SfCByZ2jLyvUpyHT8UPvs1EmMFpWxb3F5eoREoxF0CiyyXd5rC95LoX1kvWgPyj78OHqCHJ652g=="
    },
    "node_modules/typescript": {
      "version": "5.1.6",
      "resolved": "https://registry.npmjs.org/typescript/-/typescript-5.1.6.tgz",
      "integrity": "sha512-zaWCozRZ6DLEWAWFrVDz1H6FVXzUSfTy5FUMWsQlU8Ym5JP9eO4xkTIROFCQvhQf61z6O/G6ugw3SgAnvvm+HA==",
      "dev": true,
      "bin": {
        "tsc": "bin/tsc",
        "tsserver": "bin/tsserver"
      },
      "engines": {
        "node": ">=14.17"
      }
    }
  }
}
